
Microsoft Visual Studio Solution File, Format Version 12.00
# Visual Studio Version 17
VisualStudioVersion = 17.5.33516.290
MinimumVisualStudioVersion = 10.0.40219.1
Project("{FAE04EC0-301F-11D3-BF4B-00C04F79EFBC}") = "FirstApp", "FirstApp.csproj", "{ABFBA974-20DB-404C-A141-02EBB7928007}"
EndProject
Global
	GlobalSection(SolutionConfigurationPlatforms) = preSolution
		Debug|Any CPU = Debug|Any CPU
		Release|Any CPU = Release|Any CPU
	EndGlobalSection
	GlobalSection(ProjectConfigurationPlatforms) = postSolution
		{ABFBA974-20DB-404C-A141-02EBB7928007}.Debug|Any CPU.ActiveCfg = Debug|Any CPU
		{ABFBA974-20DB-404C-A141-02EBB7928007}.Debug|Any CPU.Build.0 = Debug|Any CPU
		{ABFBA974-20DB-404C-A141-02EBB7928007}.Release|Any CPU.ActiveCfg = Release|Any CPU
		{ABFBA974-20DB-404C-A141-02EBB7928007}.Release|Any CPU.Build.0 = Release|Any CPU
	EndGlobalSection
	GlobalSection(SolutionProperties) = preSolution
		HideSolutionNode = FALSE
	EndGlobalSection
	GlobalSection(ExtensibilityGlobals) = postSolution
		SolutionGuid = {462AB7F9-B5EF-4DB8-B9BA-5A75D0255A32}
	EndGlobalSection
EndGlobal
